schema: '2.0'
stages:
  preprocess:
    cmd: python dvc-pipeline/preprocess.py
    deps:
    - path: dvc-pipeline/data/loans.json
      hash: md5
      md5: 760634e3b49ad11f5f390e1f2f72927e
      size: 357
    - path: dvc-pipeline/preprocess.py
      hash: md5
      md5: 2363252b20114e5cdfc60e6bbdb550c8
      size: 948
    outs:
    - path: dvc-pipeline/data/loans_clean.csv
      hash: md5
      md5: 128268ffcf0a6ee6861891d9a67c777b
      size: 91
  train:
    cmd: python dvc-pipeline/train.py
    deps:
    - path: dvc-pipeline/data/loans_clean.csv
      hash: md5
      md5: 128268ffcf0a6ee6861891d9a67c777b
      size: 91
    - path: dvc-pipeline/params.yaml
      hash: md5
      md5: 029877ed50f0ee879707e2f218940203
      size: 73
    - path: dvc-pipeline/train.py
      hash: md5
      md5: 8e840d75a52b1b9a2b1444a1645dbf09
      size: 561
    params:
      dvc-pipeline/params.yaml:
        train.lr_all: 0.01
        train.n_epochs: 30
        train.n_factors: 100
        train.reg_all: 0.02
    outs:
    - path: dvc-pipeline/models/model.pkl
      hash: md5
      md5: d747c4e5e0a17a105872e46d121b4723
      size: 40
  evaluate:
    cmd: python dvc-pipeline/evaluate.py
    deps:
    - path: dvc-pipeline/evaluate.py
      hash: md5
      md5: b6c0a2d5a2772787dc301c34676a8934
      size: 504
    - path: dvc-pipeline/models/model.pkl
      hash: md5
      md5: d747c4e5e0a17a105872e46d121b4723
      size: 40
    outs:
    - path: metrics/metrics.json
      hash: md5
      md5: e2778c9b36ed3f1342afa587460a0b66
      size: 52
